// !$*UTF8*$!
{
	archiveVersion = 1;
	classes = {
	};
	objectVersion = 46;
	objects = {

/* Begin PBXBuildFile section */
		5AFC2F701A5F2EDF00544B45 /* Meeting.c in Sources */ = {isa = PBXBuildFile; fileRef = 5AFC2F5E1A5F2EDF00544B45 /* Meeting.c */; };
		5AFC2F711A5F2EDF00544B45 /* Ordered_container_array.c in Sources */ = {isa = PBXBuildFile; fileRef = 5AFC2F601A5F2EDF00544B45 /* Ordered_container_array.c */; };
		5AFC2F721A5F2EDF00544B45 /* Ordered_container_list.c in Sources */ = {isa = PBXBuildFile; fileRef = 5AFC2F611A5F2EDF00544B45 /* Ordered_container_list.c */; };
		5AFC2F731A5F2EDF00544B45 /* p1_globals.c in Sources */ = {isa = PBXBuildFile; fileRef = 5AFC2F631A5F2EDF00544B45 /* p1_globals.c */; };
		5AFC2F751A5F2EDF00544B45 /* Person.c in Sources */ = {isa = PBXBuildFile; fileRef = 5AFC2F661A5F2EDF00544B45 /* Person.c */; };
		5AFC2F761A5F2EDF00544B45 /* Room.c in Sources */ = {isa = PBXBuildFile; fileRef = 5AFC2F681A5F2EDF00544B45 /* Room.c */; };
		5AFC2F771A5F2EDF00544B45 /* Ordered_container_demo1.c in Sources */ = {isa = PBXBuildFile; fileRef = 5AFC2F6C1A5F2EDF00544B45 /* Ordered_container_demo1.c */; };
		5AFC2F781A5F2EDF00544B45 /* Utility.c in Sources */ = {isa = PBXBuildFile; fileRef = 5AFC2F6D1A5F2EDF00544B45 /* Utility.c */; };
/* End PBXBuildFile section */

/* Begin PBXCopyFilesBuildPhase section */
		5AFC2F511A5F2E6C00544B45 /* CopyFiles */ = {
			isa = PBXCopyFilesBuildPhase;
			buildActionMask = 2147483647;
			dstPath = /usr/share/man/man1/;
			dstSubfolderSpec = 0;
			files = (
			);
			runOnlyForDeploymentPostprocessing = 1;
		};
/* End PBXCopyFilesBuildPhase section */

/* Begin PBXFileReference section */
		5AFC2F531A5F2E6C00544B45 /* EECS381_proj1 */ = {isa = PBXFileReference; explicitFileType = "compiled.mach-o.executable"; includeInIndex = 0; path = EECS381_proj1; sourceTree = BUILT_PRODUCTS_DIR; };
		5AFC2F561A5F2E6C00544B45 /* main.c */ = {isa = PBXFileReference; lastKnownFileType = sourcecode.c.c; path = main.c; sourceTree = "<group>"; };
		5AFC2F5D1A5F2EDF00544B45 /* Makefile */ = {isa = PBXFileReference; fileEncoding = 4; lastKnownFileType = sourcecode.make; name = Makefile; path = ../Makefile; sourceTree = "<group>"; };
		5AFC2F5E1A5F2EDF00544B45 /* Meeting.c */ = {isa = PBXFileReference; fileEncoding = 4; lastKnownFileType = sourcecode.c.c; name = Meeting.c; path = ../Meeting.c; sourceTree = "<group>"; };
		5AFC2F5F1A5F2EDF00544B45 /* Meeting.h */ = {isa = PBXFileReference; fileEncoding = 4; lastKnownFileType = sourcecode.c.h; name = Meeting.h; path = ../Meeting.h; sourceTree = "<group>"; };
		5AFC2F601A5F2EDF00544B45 /* Ordered_container_array.c */ = {isa = PBXFileReference; fileEncoding = 4; lastKnownFileType = sourcecode.c.c; name = Ordered_container_array.c; path = ../Ordered_container_array.c; sourceTree = "<group>"; };
		5AFC2F611A5F2EDF00544B45 /* Ordered_container_list.c */ = {isa = PBXFileReference; fileEncoding = 4; lastKnownFileType = sourcecode.c.c; name = Ordered_container_list.c; path = ../Ordered_container_list.c; sourceTree = "<group>"; };
		5AFC2F621A5F2EDF00544B45 /* Ordered_container.h */ = {isa = PBXFileReference; fileEncoding = 4; lastKnownFileType = sourcecode.c.h; name = Ordered_container.h; path = ../Ordered_container.h; sourceTree = "<group>"; };
		5AFC2F631A5F2EDF00544B45 /* p1_globals.c */ = {isa = PBXFileReference; fileEncoding = 4; lastKnownFileType = sourcecode.c.c; name = p1_globals.c; path = ../p1_globals.c; sourceTree = "<group>"; };
		5AFC2F641A5F2EDF00544B45 /* p1_globals.h */ = {isa = PBXFileReference; fileEncoding = 4; lastKnownFileType = sourcecode.c.h; name = p1_globals.h; path = ../p1_globals.h; sourceTree = "<group>"; };
		5AFC2F651A5F2EDF00544B45 /* p1_main.c */ = {isa = PBXFileReference; fileEncoding = 4; lastKnownFileType = sourcecode.c.c; name = p1_main.c; path = ../p1_main.c; sourceTree = "<group>"; };
		5AFC2F661A5F2EDF00544B45 /* Person.c */ = {isa = PBXFileReference; fileEncoding = 4; lastKnownFileType = sourcecode.c.c; name = Person.c; path = ../Person.c; sourceTree = "<group>"; };
		5AFC2F671A5F2EDF00544B45 /* Person.h */ = {isa = PBXFileReference; fileEncoding = 4; lastKnownFileType = sourcecode.c.h; name = Person.h; path = ../Person.h; sourceTree = "<group>"; };
		5AFC2F681A5F2EDF00544B45 /* Room.c */ = {isa = PBXFileReference; fileEncoding = 4; lastKnownFileType = sourcecode.c.c; name = Room.c; path = ../Room.c; sourceTree = "<group>"; };
		5AFC2F691A5F2EDF00544B45 /* Room.h */ = {isa = PBXFileReference; fileEncoding = 4; lastKnownFileType = sourcecode.c.h; name = Room.h; path = ../Room.h; sourceTree = "<group>"; };
		5AFC2F6C1A5F2EDF00544B45 /* Ordered_container_demo1.c */ = {isa = PBXFileReference; fileEncoding = 4; lastKnownFileType = sourcecode.c.c; path = Ordered_container_demo1.c; sourceTree = "<group>"; };
		5AFC2F6D1A5F2EDF00544B45 /* Utility.c */ = {isa = PBXFileReference; fileEncoding = 4; lastKnownFileType = sourcecode.c.c; name = Utility.c; path = ../Utility.c; sourceTree = "<group>"; };
		5AFC2F6E1A5F2EDF00544B45 /* Utility.h */ = {isa = PBXFileReference; fileEncoding = 4; lastKnownFileType = sourcecode.c.h; name = Utility.h; path = ../Utility.h; sourceTree = "<group>"; };
/* End PBXFileReference section */

/* Begin PBXFrameworksBuildPhase section */
		5AFC2F501A5F2E6C00544B45 /* Frameworks */ = {
			isa = PBXFrameworksBuildPhase;
			buildActionMask = 2147483647;
			files = (
			);
			runOnlyForDeploymentPostprocessing = 0;
		};
/* End PBXFrameworksBuildPhase section */

/* Begin PBXGroup section */
		5AFC2F4A1A5F2E6C00544B45 = {
			isa = PBXGroup;
			children = (
				5AFC2F551A5F2E6C00544B45 /* EECS381_proj1 */,
				5AFC2F541A5F2E6C00544B45 /* Products */,
			);
			sourceTree = "<group>";
		};
		5AFC2F541A5F2E6C00544B45 /* Products */ = {
			isa = PBXGroup;
			children = (
				5AFC2F531A5F2E6C00544B45 /* EECS381_proj1 */,
			);
			name = Products;
			sourceTree = "<group>";
		};
		5AFC2F551A5F2E6C00544B45 /* EECS381_proj1 */ = {
			isa = PBXGroup;
			children = (
				5AFC2F5D1A5F2EDF00544B45 /* Makefile */,
				5AFC2F5E1A5F2EDF00544B45 /* Meeting.c */,
				5AFC2F5F1A5F2EDF00544B45 /* Meeting.h */,
				5AFC2F601A5F2EDF00544B45 /* Ordered_container_array.c */,
				5AFC2F611A5F2EDF00544B45 /* Ordered_container_list.c */,
				5AFC2F621A5F2EDF00544B45 /* Ordered_container.h */,
				5AFC2F631A5F2EDF00544B45 /* p1_globals.c */,
				5AFC2F641A5F2EDF00544B45 /* p1_globals.h */,
				5AFC2F651A5F2EDF00544B45 /* p1_main.c */,
				5AFC2F661A5F2EDF00544B45 /* Person.c */,
				5AFC2F671A5F2EDF00544B45 /* Person.h */,
				5AFC2F681A5F2EDF00544B45 /* Room.c */,
				5AFC2F691A5F2EDF00544B45 /* Room.h */,
				5AFC2F6B1A5F2EDF00544B45 /* test_files */,
				5AFC2F6D1A5F2EDF00544B45 /* Utility.c */,
				5AFC2F6E1A5F2EDF00544B45 /* Utility.h */,
				5AFC2F561A5F2E6C00544B45 /* main.c */,
			);
			path = EECS381_proj1;
			sourceTree = "<group>";
		};
		5AFC2F6B1A5F2EDF00544B45 /* test_files */ = {
			isa = PBXGroup;
			children = (
				5AFC2F6C1A5F2EDF00544B45 /* Ordered_container_demo1.c */,
			);
			name = test_files;
			path = ../test_files;
			sourceTree = "<group>";
		};
/* End PBXGroup section */

/* Begin PBXNativeTarget section */
		5AFC2F521A5F2E6C00544B45 /* EECS381_proj1 */ = {
			isa = PBXNativeTarget;
			buildConfigurationList = 5AFC2F5A1A5F2E6C00544B45 /* Build configuration list for PBXNativeTarget "EECS381_proj1" */;
			buildPhases = (
				5AFC2F4F1A5F2E6C00544B45 /* Sources */,
				5AFC2F501A5F2E6C00544B45 /* Frameworks */,
				5AFC2F511A5F2E6C00544B45 /* CopyFiles */,
			);
			buildRules = (
			);
			dependencies = (
			);
			name = EECS381_proj1;
			productName = EECS381_proj1;
			productReference = 5AFC2F531A5F2E6C00544B45 /* EECS381_proj1 */;
			productType = "com.apple.product-type.tool";
		};
/* End PBXNativeTarget section */

/* Begin PBXProject section */
		5AFC2F4B1A5F2E6C00544B45 /* Project object */ = {
			isa = PBXProject;
			attributes = {
				LastUpgradeCheck = 0610;
				ORGANIZATIONNAME = "Charlie OConor";
				TargetAttributes = {
					5AFC2F521A5F2E6C00544B45 = {
						CreatedOnToolsVersion = 6.1.1;
					};
				};
			};
			buildConfigurationList = 5AFC2F4E1A5F2E6C00544B45 /* Build configuration list for PBXProject "EECS381_proj1" */;
			compatibilityVersion = "Xcode 3.2";
			developmentRegion = English;
			hasScannedForEncodings = 0;
			knownRegions = (
				en,
			);
			mainGroup = 5AFC2F4A1A5F2E6C00544B45;
			productRefGroup = 5AFC2F541A5F2E6C00544B45 /* Products */;
			projectDirPath = "";
			projectRoot = "";
			targets = (
				5AFC2F521A5F2E6C00544B45 /* EECS381_proj1 */,
			);
		};
/* End PBXProject section */

/* Begin PBXSourcesBuildPhase section */
		5AFC2F4F1A5F2E6C00544B45 /* Sources */ = {
			isa = PBXSourcesBuildPhase;
			buildActionMask = 2147483647;
			files = (
				5AFC2F751A5F2EDF00544B45 /* Person.c in Sources */,
				5AFC2F761A5F2EDF00544B45 /* Room.c in Sources */,
				5AFC2F781A5F2EDF00544B45 /* Utility.c in Sources */,
				5AFC2F721A5F2EDF00544B45 /* Ordered_container_list.c in Sources */,
				5AFC2F701A5F2EDF00544B45 /* Meeting.c in Sources */,
				5AFC2F771A5F2EDF00544B45 /* Ordered_container_demo1.c in Sources */,
				5AFC2F711A5F2EDF00544B45 /* Ordered_container_array.c in Sources */,
				5AFC2F731A5F2EDF00544B45 /* p1_globals.c in Sources */,
			);
			runOnlyForDeploymentPostprocessing = 0;
		};
/* End PBXSourcesBuildPhase section */

/* Begin XCBuildConfiguration section */
		5AFC2F581A5F2E6C00544B45 /* Debug */ = {
			isa = XCBuildConfiguration;
			buildSettings = {
				ALWAYS_SEARCH_USER_PATHS = NO;
				CLANG_CXX_LANGUAGE_STANDARD = "gnu++0x";
				CLANG_CXX_LIBRARY = "libc++";
				CLANG_ENABLE_MODULES = YES;
				CLANG_ENABLE_OBJC_ARC = YES;
				CLANG_WARN_BOOL_CONVERSION = YES;
				CLANG_WARN_CONSTANT_CONVERSION = YES;
				CLANG_WARN_DIRECT_OBJC_ISA_USAGE = YES_ERROR;
				CLANG_WARN_EMPTY_BODY = YES;
				CLANG_WARN_ENUM_CONVERSION = YES;
				CLANG_WARN_INT_CONVERSION = YES;
				CLANG_WARN_OBJC_ROOT_CLASS = YES_ERROR;
				CLANG_WARN_UNREACHABLE_CODE = YES;
				CLANG_WARN__DUPLICATE_METHOD_MATCH = YES;
				COPY_PHASE_STRIP = NO;
				ENABLE_STRICT_OBJC_MSGSEND = YES;
				GCC_C_LANGUAGE_STANDARD = gnu99;
				GCC_DYNAMIC_NO_PIC = NO;
				GCC_OPTIMIZATION_LEVEL = 0;
				GCC_PREPROCESSOR_DEFINITIONS = (
					"DEBUG=1",
					"$(inherited)",
				);
				GCC_SYMBOLS_PRIVATE_EXTERN = NO;
				GCC_WARN_64_TO_32_BIT_CONVERSION = YES;
				GCC_WARN_ABOUT_RETURN_TYPE = YES_ERROR;
				GCC_WARN_UNDECLARED_SELECTOR = YES;
				GCC_WARN_UNINITIALIZED_AUTOS = YES_AGGRESSIVE;
				GCC_WARN_UNUSED_FUNCTION = YES;
				GCC_WARN_UNUSED_VARIABLE = YES;
				MACOSX_DEPLOYMENT_TARGET = 10.10;
				MTL_ENABLE_DEBUG_INFO = YES;
				ONLY_ACTIVE_ARCH = YES;
				SDKROOT = macosx;
			};
			name = Debug;
		};
		5AFC2F591A5F2E6C00544B45 /* Release */ = {
			isa = XCBuildConfiguration;
			buildSettings = {
				ALWAYS_SEARCH_USER_PATHS = NO;
				CLANG_CXX_LANGUAGE_STANDARD = "gnu++0x";
				CLANG_CXX_LIBRARY = "libc++";
				CLANG_ENABLE_MODULES = YES;
				CLANG_ENABLE_OBJC_ARC = YES;
				CLANG_WARN_BOOL_CONVERSION = YES;
				CLANG_WARN_CONSTANT_CONVERSION = YES;
				CLANG_WARN_DIRECT_OBJC_ISA_USAGE = YES_ERROR;
				CLANG_WARN_EMPTY_BODY = YES;
				CLANG_WARN_ENUM_CONVERSION = YES;
				CLANG_WARN_INT_CONVERSION = YES;
				CLANG_WARN_OBJC_ROOT_CLASS = YES_ERROR;
				CLANG_WARN_UNREACHABLE_CODE = YES;
				CLANG_WARN__DUPLICATE_METHOD_MATCH = YES;
				COPY_PHASE_STRIP = YES;
				DEBUG_INFORMATION_FORMAT = "dwarf-with-dsym";
				ENABLE_NS_ASSERTIONS = NO;
				ENABLE_STRICT_OBJC_MSGSEND = YES;
				GCC_C_LANGUAGE_STANDARD = gnu99;
				GCC_WARN_64_TO_32_BIT_CONVERSION = YES;
				GCC_WARN_ABOUT_RETURN_TYPE = YES_ERROR;
				GCC_WARN_UNDECLARED_SELECTOR = YES;
				GCC_WARN_UNINITIALIZED_AUTOS = YES_AGGRESSIVE;
				GCC_WARN_UNUSED_FUNCTION = YES;
				GCC_WARN_UNUSED_VARIABLE = YES;
				MACOSX_DEPLOYMENT_TARGET = 10.10;
				MTL_ENABLE_DEBUG_INFO = NO;
				SDKROOT = macosx;
			};
			name = Release;
		};
		5AFC2F5B1A5F2E6C00544B45 /* Debug */ = {
			isa = XCBuildConfiguration;
			buildSettings = {
				PRODUCT_NAME = "$(TARGET_NAME)";
			};
			name = Debug;
		};
		5AFC2F5C1A5F2E6C00544B45 /* Release */ = {
			isa = XCBuildConfiguration;
			buildSettings = {
				PRODUCT_NAME = "$(TARGET_NAME)";
			};
			name = Release;
		};
/* End XCBuildConfiguration section */

/* Begin XCConfigurationList section */
		5AFC2F4E1A5F2E6C00544B45 /* Build configuration list for PBXProject "EECS381_proj1" */ = {
			isa = XCConfigurationList;
			buildConfigurations = (
				5AFC2F581A5F2E6C00544B45 /* Debug */,
				5AFC2F591A5F2E6C00544B45 /* Release */,
			);
			defaultConfigurationIsVisible = 0;
			defaultConfigurationName = Release;
		};
		5AFC2F5A1A5F2E6C00544B45 /* Build configuration list for PBXNativeTarget "EECS381_proj1" */ = {
			isa = XCConfigurationList;
			buildConfigurations = (
				5AFC2F5B1A5F2E6C00544B45 /* Debug */,
				5AFC2F5C1A5F2E6C00544B45 /* Release */,
			);
			defaultConfigurationIsVisible = 0;
			defaultConfigurationName = Release;
		};
/* End XCConfigurationList section */
	};
	rootObject = 5AFC2F4B1A5F2E6C00544B45 /* Project object */;
}
